
Microsoft Visual Studio Solution File, Format Version 12.00
# Visual Studio Version 16
VisualStudioVersion = 16.0.30225.117
MinimumVisualStudioVersion = 10.0.40219.1
Project("{8BC9CEB8-8B4A-11D0-8D11-00A0C91BC942}") = "practice", "practice\practice.vcxproj", "{3E64F2B8-0273-4DF5-AD22-51D8798E37D1}"
EndProject
Global
	GlobalSection(SolutionConfigurationPlatforms) = preSolution
		Debug|x64 = Debug|x64
		Debug|x86 = Debug|x86
		Release|x64 = Release|x64
		Release|x86 = Release|x86
	EndGlobalSection
	GlobalSection(ProjectConfigurationPlatforms) = postSolution
		{3E64F2B8-0273-4DF5-AD22-51D8798E37D1}.Debug|x64.ActiveCfg = Debug|x64
		{3E64F2B8-0273-4DF5-AD22-51D8798E37D1}.Debug|x64.Build.0 = Debug|x64
		{3E64F2B8-0273-4DF5-AD22-51D8798E37D1}.Debug|x86.ActiveCfg = Debug|Win32
		{3E64F2B8-0273-4DF5-AD22-51D8798E37D1}.Debug|x86.Build.0 = Debug|Win32
		{3E64F2B8-0273-4DF5-AD22-51D8798E37D1}.Release|x64.ActiveCfg = Release|x64
		{3E64F2B8-0273-4DF5-AD22-51D8798E37D1}.Release|x64.Build.0 = Release|x64
		{3E64F2B8-0273-4DF5-AD22-51D8798E37D1}.Release|x86.ActiveCfg = Release|Win32
		{3E64F2B8-0273-4DF5-AD22-51D8798E37D1}.Release|x86.Build.0 = Release|Win32
	EndGlobalSection
	GlobalSection(SolutionProperties) = preSolution
		HideSolutionNode = FALSE
	EndGlobalSection
	GlobalSection(ExtensibilityGlobals) = postSolution
		SolutionGuid = {C33502CA-54A9-4E7B-9212-FAC0CCD3026A}
	EndGlobalSection
EndGlobal
